
Microsoft Visual Studio Solution File, Format Version 12.00
# Visual Studio 15
VisualStudioVersion = 15.0.27130.0
MinimumVisualStudioVersion = 10.0.40219.1
Project("{9A19103F-16F7-4668-BE54-9A1E7A4F7556}") = "NetCoreWebApi", "NetCoreWebApi\NetCoreWebApi.csproj", "{1075F6A8-F637-4476-AA71-44CFFF2E106D}"
EndProject
Project("{9A19103F-16F7-4668-BE54-9A1E7A4F7556}") = "ConsoleApp1", "ConsoleApp1\ConsoleApp1.csproj", "{18CAB6CC-7F04-4FB0-A216-8591AF06DAE2}"
EndProject
Project("{FAE04EC0-301F-11D3-BF4B-00C04F79EFBC}") = "IdentityWeb", "IdentityWeb\IdentityWeb.csproj", "{ADC38380-7F74-4234-B437-69DA0A0B7DB3}"
EndProject
Global
	GlobalSection(SolutionConfigurationPlatforms) = preSolution
		Debug|Any CPU = Debug|Any CPU
		Release|Any CPU = Release|Any CPU
	EndGlobalSection
	GlobalSection(ProjectConfigurationPlatforms) = postSolution
		{1075F6A8-F637-4476-AA71-44CFFF2E106D}.Debug|Any CPU.ActiveCfg = Debug|Any CPU
		{1075F6A8-F637-4476-AA71-44CFFF2E106D}.Debug|Any CPU.Build.0 = Debug|Any CPU
		{1075F6A8-F637-4476-AA71-44CFFF2E106D}.Release|Any CPU.ActiveCfg = Release|Any CPU
		{1075F6A8-F637-4476-AA71-44CFFF2E106D}.Release|Any CPU.Build.0 = Release|Any CPU
		{18CAB6CC-7F04-4FB0-A216-8591AF06DAE2}.Debug|Any CPU.ActiveCfg = Debug|Any CPU
		{18CAB6CC-7F04-4FB0-A216-8591AF06DAE2}.Debug|Any CPU.Build.0 = Debug|Any CPU
		{18CAB6CC-7F04-4FB0-A216-8591AF06DAE2}.Release|Any CPU.ActiveCfg = Release|Any CPU
		{18CAB6CC-7F04-4FB0-A216-8591AF06DAE2}.Release|Any CPU.Build.0 = Release|Any CPU
		{ADC38380-7F74-4234-B437-69DA0A0B7DB3}.Debug|Any CPU.ActiveCfg = Debug|Any CPU
		{ADC38380-7F74-4234-B437-69DA0A0B7DB3}.Debug|Any CPU.Build.0 = Debug|Any CPU
		{ADC38380-7F74-4234-B437-69DA0A0B7DB3}.Release|Any CPU.ActiveCfg = Release|Any CPU
		{ADC38380-7F74-4234-B437-69DA0A0B7DB3}.Release|Any CPU.Build.0 = Release|Any CPU
	EndGlobalSection
	GlobalSection(SolutionProperties) = preSolution
		HideSolutionNode = FALSE
	EndGlobalSection
	GlobalSection(ExtensibilityGlobals) = postSolution
		SolutionGuid = {1475C293-267F-4FE3-A671-B49C33B090D1}
	EndGlobalSection
EndGlobal
